
Microsoft Visual Studio Solution File, Format Version 12.00
# Visual Studio Version 17
VisualStudioVersion = 17.13.35913.81 d17.13
MinimumVisualStudioVersion = 10.0.40219.1
Project("{FAE04EC0-301F-11D3-BF4B-00C04F79EFBC}") = "IF-ESEIF-ELSE-3", "IF-ESEIF-ELSE-3.csproj", "{BAACD693-B8BB-417A-934B-32BE6FE3691F}"
EndProject
Global
	GlobalSection(SolutionConfigurationPlatforms) = preSolution
		Debug|Any CPU = Debug|Any CPU
		Release|Any CPU = Release|Any CPU
	EndGlobalSection
	GlobalSection(ProjectConfigurationPlatforms) = postSolution
		{BAACD693-B8BB-417A-934B-32BE6FE3691F}.Debug|Any CPU.ActiveCfg = Debug|Any CPU
		{BAACD693-B8BB-417A-934B-32BE6FE3691F}.Debug|Any CPU.Build.0 = Debug|Any CPU
		{BAACD693-B8BB-417A-934B-32BE6FE3691F}.Release|Any CPU.ActiveCfg = Release|Any CPU
		{BAACD693-B8BB-417A-934B-32BE6FE3691F}.Release|Any CPU.Build.0 = Release|Any CPU
	EndGlobalSection
	GlobalSection(SolutionProperties) = preSolution
		HideSolutionNode = FALSE
	EndGlobalSection
	GlobalSection(ExtensibilityGlobals) = postSolution
		SolutionGuid = {4E6F2BB8-0856-435C-BF00-6AF936C2D8C8}
	EndGlobalSection
EndGlobal
