
Microsoft Visual Studio Solution File, Format Version 12.00
# Visual Studio Version 17
VisualStudioVersion = 17.13.35913.81 d17.13
MinimumVisualStudioVersion = 10.0.40219.1
Project("{FAE04EC0-301F-11D3-BF4B-00C04F79EFBC}") = "1. tänava nimed", "1. tänava nimed.csproj", "{4AF7AC65-5872-4170-9D79-DA40D65290E1}"
EndProject
Global
	GlobalSection(SolutionConfigurationPlatforms) = preSolution
		Debug|Any CPU = Debug|Any CPU
		Release|Any CPU = Release|Any CPU
	EndGlobalSection
	GlobalSection(ProjectConfigurationPlatforms) = postSolution
		{4AF7AC65-5872-4170-9D79-DA40D65290E1}.Debug|Any CPU.ActiveCfg = Debug|Any CPU
		{4AF7AC65-5872-4170-9D79-DA40D65290E1}.Debug|Any CPU.Build.0 = Debug|Any CPU
		{4AF7AC65-5872-4170-9D79-DA40D65290E1}.Release|Any CPU.ActiveCfg = Release|Any CPU
		{4AF7AC65-5872-4170-9D79-DA40D65290E1}.Release|Any CPU.Build.0 = Release|Any CPU
	EndGlobalSection
	GlobalSection(SolutionProperties) = preSolution
		HideSolutionNode = FALSE
	EndGlobalSection
	GlobalSection(ExtensibilityGlobals) = postSolution
		SolutionGuid = {0D038060-ECE8-44CB-86EB-6DE877E1FF82}
	EndGlobalSection
EndGlobal
