
Microsoft Visual Studio Solution File, Format Version 12.00
# Visual Studio Version 17
VisualStudioVersion = 17.13.35913.81 d17.13
MinimumVisualStudioVersion = 10.0.40219.1
Project("{FAE04EC0-301F-11D3-BF4B-00C04F79EFBC}") = "MethodeBaisic-2", "MethodeBaisic-2.csproj", "{B5C5C0DD-803E-4774-9F59-01574B418181}"
EndProject
Global
	GlobalSection(SolutionConfigurationPlatforms) = preSolution
		Debug|Any CPU = Debug|Any CPU
		Release|Any CPU = Release|Any CPU
	EndGlobalSection
	GlobalSection(ProjectConfigurationPlatforms) = postSolution
		{B5C5C0DD-803E-4774-9F59-01574B418181}.Debug|Any CPU.ActiveCfg = Debug|Any CPU
		{B5C5C0DD-803E-4774-9F59-01574B418181}.Debug|Any CPU.Build.0 = Debug|Any CPU
		{B5C5C0DD-803E-4774-9F59-01574B418181}.Release|Any CPU.ActiveCfg = Release|Any CPU
		{B5C5C0DD-803E-4774-9F59-01574B418181}.Release|Any CPU.Build.0 = Release|Any CPU
	EndGlobalSection
	GlobalSection(SolutionProperties) = preSolution
		HideSolutionNode = FALSE
	EndGlobalSection
	GlobalSection(ExtensibilityGlobals) = postSolution
		SolutionGuid = {B3B2253F-A90A-4060-A034-0520B5B31144}
	EndGlobalSection
EndGlobal
